// !$*UTF8*$!
{
	archiveVersion = 1;
	classes = {
	};
	objectVersion = 46;
	objects = {

/* Begin PBXBuildFile section */
		E703D44D177E0C7100931F94 /* PlaceTableCellInfo.m in Sources */ = {isa = PBXBuildFile; fileRef = E703D44C177E0C7100931F94 /* PlaceTableCellInfo.m */; };
		E703D4521780186700931F94 /* no_image_ph.png in Resources */ = {isa = PBXBuildFile; fileRef = E703D4501780186700931F94 /* no_image_ph.png */; };
		E703D454178018AD00931F94 /* waiting_ph.png in Resources */ = {isa = PBXBuildFile; fileRef = E703D453178018AD00931F94 /* waiting_ph.png */; };
		E703D45A178028EE00931F94 /* PlaceTableViewCell.xib in Resources */ = {isa = PBXBuildFile; fileRef = E703D459178028EE00931F94 /* PlaceTableViewCell.xib */; };
		E703D45D17802A6000931F94 /* PlaceTableViewCell.m in Sources */ = {isa = PBXBuildFile; fileRef = E703D45C17802A6000931F94 /* PlaceTableViewCell.m */; };
		E756CE69178E6C06009D82F9 /* PlaceInputViewController.xib in Resources */ = {isa = PBXBuildFile; fileRef = E756CE68178E6C06009D82F9 /* PlaceInputViewController.xib */; };
		E756CE6C178E6D15009D82F9 /* PlaceInputViewController.m in Sources */ = {isa = PBXBuildFile; fileRef = E756CE6B178E6D15009D82F9 /* PlaceInputViewController.m */; };
		E79D1DC1178350250019A4B5 /* GoogleMaps.framework in Frameworks */ = {isa = PBXBuildFile; fileRef = E79D1DC0178350250019A4B5 /* GoogleMaps.framework */; };
		E79D1DC3178358110019A4B5 /* GoogleMaps.bundle in Resources */ = {isa = PBXBuildFile; fileRef = E79D1DC2178358110019A4B5 /* GoogleMaps.bundle */; };
		E79D1DC51783583B0019A4B5 /* AVFoundation.framework in Frameworks */ = {isa = PBXBuildFile; fileRef = E79D1DC41783583B0019A4B5 /* AVFoundation.framework */; };
		E79D1DC7178358480019A4B5 /* CoreLocation.framework in Frameworks */ = {isa = PBXBuildFile; fileRef = E79D1DC6178358480019A4B5 /* CoreLocation.framework */; };
		E79D1DC9178358520019A4B5 /* CoreText.framework in Frameworks */ = {isa = PBXBuildFile; fileRef = E79D1DC8178358520019A4B5 /* CoreText.framework */; };
		E79D1DCB1783588A0019A4B5 /* GLKit.framework in Frameworks */ = {isa = PBXBuildFile; fileRef = E79D1DCA1783588A0019A4B5 /* GLKit.framework */; };
		E79D1DCD1783588E0019A4B5 /* ImageIO.framework in Frameworks */ = {isa = PBXBuildFile; fileRef = E79D1DCC1783588E0019A4B5 /* ImageIO.framework */; };
		E79D1DCF178358970019A4B5 /* libc++.dylib in Frameworks */ = {isa = PBXBuildFile; fileRef = E79D1DCE178358970019A4B5 /* libc++.dylib */; };
		E79D1DD1178358A80019A4B5 /* libicucore.dylib in Frameworks */ = {isa = PBXBuildFile; fileRef = E79D1DD0178358A80019A4B5 /* libicucore.dylib */; };
		E79D1DD3178358B00019A4B5 /* libz.dylib in Frameworks */ = {isa = PBXBuildFile; fileRef = E79D1DD2178358B00019A4B5 /* libz.dylib */; };
		E79D1DD5178358B70019A4B5 /* OpenGLES.framework in Frameworks */ = {isa = PBXBuildFile; fileRef = E79D1DD4178358B70019A4B5 /* OpenGLES.framework */; };
		E79D1DD7178358BE0019A4B5 /* QuartzCore.framework in Frameworks */ = {isa = PBXBuildFile; fileRef = E79D1DD6178358BD0019A4B5 /* QuartzCore.framework */; };
		E79D1DD9178358C30019A4B5 /* SystemConfiguration.framework in Frameworks */ = {isa = PBXBuildFile; fileRef = E79D1DD8178358C30019A4B5 /* SystemConfiguration.framework */; };
		E79D1DDC17835AF60019A4B5 /* MapViewController.m in Sources */ = {isa = PBXBuildFile; fileRef = E79D1DDB17835AF60019A4B5 /* MapViewController.m */; };
		E7C7641317788C4C00B3CEB5 /* UIKit.framework in Frameworks */ = {isa = PBXBuildFile; fileRef = E7C7641217788C4C00B3CEB5 /* UIKit.framework */; };
		E7C7641517788C4C00B3CEB5 /* Foundation.framework in Frameworks */ = {isa = PBXBuildFile; fileRef = E7C7641417788C4C00B3CEB5 /* Foundation.framework */; };
		E7C7641717788C4C00B3CEB5 /* CoreGraphics.framework in Frameworks */ = {isa = PBXBuildFile; fileRef = E7C7641617788C4C00B3CEB5 /* CoreGraphics.framework */; };
		E7C7641D17788C4C00B3CEB5 /* InfoPlist.strings in Resources */ = {isa = PBXBuildFile; fileRef = E7C7641B17788C4C00B3CEB5 /* InfoPlist.strings */; };
		E7C7641F17788C4C00B3CEB5 /* main.m in Sources */ = {isa = PBXBuildFile; fileRef = E7C7641E17788C4C00B3CEB5 /* main.m */; };
		E7C7642317788C4C00B3CEB5 /* AppDelegate.m in Sources */ = {isa = PBXBuildFile; fileRef = E7C7642217788C4C00B3CEB5 /* AppDelegate.m */; };
		E7C7642517788C4C00B3CEB5 /* Default.png in Resources */ = {isa = PBXBuildFile; fileRef = E7C7642417788C4C00B3CEB5 /* Default.png */; };
		E7C7642717788C4C00B3CEB5 /* Default@2x.png in Resources */ = {isa = PBXBuildFile; fileRef = E7C7642617788C4C00B3CEB5 /* Default@2x.png */; };
		E7C7642917788C4C00B3CEB5 /* Default-568h@2x.png in Resources */ = {isa = PBXBuildFile; fileRef = E7C7642817788C4C00B3CEB5 /* Default-568h@2x.png */; };
		E7C7642C17788C4C00B3CEB5 /* ViewController.m in Sources */ = {isa = PBXBuildFile; fileRef = E7C7642B17788C4C00B3CEB5 /* ViewController.m */; };
		E7C7642F17788C4C00B3CEB5 /* ViewController_iPhone.xib in Resources */ = {isa = PBXBuildFile; fileRef = E7C7642D17788C4C00B3CEB5 /* ViewController_iPhone.xib */; };
		E7C7643217788C4C00B3CEB5 /* ViewController_iPad.xib in Resources */ = {isa = PBXBuildFile; fileRef = E7C7643017788C4C00B3CEB5 /* ViewController_iPad.xib */; };
		E7C7643A17788DF700B3CEB5 /* AppService.m in Sources */ = {isa = PBXBuildFile; fileRef = E7C7643917788DF700B3CEB5 /* AppService.m */; };
		E7C7643C17788F0000B3CEB5 /* Settings.bundle in Resources */ = {isa = PBXBuildFile; fileRef = E7C7643B17788F0000B3CEB5 /* Settings.bundle */; };
		E7C7643F177893B100B3CEB5 /* DataModel.xcdatamodeld in Sources */ = {isa = PBXBuildFile; fileRef = E7C7643D177893B100B3CEB5 /* DataModel.xcdatamodeld */; };
		E7C764431778942800B3CEB5 /* DBPlaceObject.m in Sources */ = {isa = PBXBuildFile; fileRef = E7C764421778942800B3CEB5 /* DBPlaceObject.m */; };
		E7C76445177895D400B3CEB5 /* CoreData.framework in Frameworks */ = {isa = PBXBuildFile; fileRef = E7C76444177895D400B3CEB5 /* CoreData.framework */; };
		E7C7644817789C3B00B3CEB5 /* NSDictionary+Utility.m in Sources */ = {isa = PBXBuildFile; fileRef = E7C7644717789C3B00B3CEB5 /* NSDictionary+Utility.m */; };
/* End PBXBuildFile section */

/* Begin PBXFileReference section */
		E703D44B177E0C7100931F94 /* PlaceTableCellInfo.h */ = {isa = PBXFileReference; fileEncoding = 4; lastKnownFileType = sourcecode.c.h; name = PlaceTableCellInfo.h; path = data/PlaceTableCellInfo.h; sourceTree = "<group>"; };
		E703D44C177E0C7100931F94 /* PlaceTableCellInfo.m */ = {isa = PBXFileReference; fileEncoding = 4; lastKnownFileType = sourcecode.c.objc; name = PlaceTableCellInfo.m; path = data/PlaceTableCellInfo.m; sourceTree = "<group>"; };
		E703D4501780186700931F94 /* no_image_ph.png */ = {isa = PBXFileReference; lastKnownFileType = image.png; path = no_image_ph.png; sourceTree = "<group>"; };
		E703D453178018AD00931F94 /* waiting_ph.png */ = {isa = PBXFileReference; lastKnownFileType = image.png; path = waiting_ph.png; sourceTree = "<group>"; };
		E703D459178028EE00931F94 /* PlaceTableViewCell.xib */ = {isa = PBXFileReference; fileEncoding = 4; lastKnownFileType = file.xib; path = PlaceTableViewCell.xib; sourceTree = "<group>"; };
		E703D45B17802A6000931F94 /* PlaceTableViewCell.h */ = {isa = PBXFileReference; fileEncoding = 4; lastKnownFileType = sourcecode.c.h; path = PlaceTableViewCell.h; sourceTree = "<group>"; };
		E703D45C17802A6000931F94 /* PlaceTableViewCell.m */ = {isa = PBXFileReference; fileEncoding = 4; lastKnownFileType = sourcecode.c.objc; path = PlaceTableViewCell.m; sourceTree = "<group>"; };
		E756CE68178E6C06009D82F9 /* PlaceInputViewController.xib */ = {isa = PBXFileReference; fileEncoding = 4; lastKnownFileType = file.xib; path = PlaceInputViewController.xib; sourceTree = "<group>"; };
		E756CE6A178E6D15009D82F9 /* PlaceInputViewController.h */ = {isa = PBXFileReference; fileEncoding = 4; lastKnownFileType = sourcecode.c.h; path = PlaceInputViewController.h; sourceTree = "<group>"; };
		E756CE6B178E6D15009D82F9 /* PlaceInputViewController.m */ = {isa = PBXFileReference; fileEncoding = 4; lastKnownFileType = sourcecode.c.objc; path = PlaceInputViewController.m; sourceTree = "<group>"; };
		E79D1DC0178350250019A4B5 /* GoogleMaps.framework */ = {isa = PBXFileReference; lastKnownFileType = wrapper.framework; name = GoogleMaps.framework; path = CityGuide/Frameworks/GoogleMaps.framework; sourceTree = "<group>"; };
		E79D1DC2178358110019A4B5 /* GoogleMaps.bundle */ = {isa = PBXFileReference; lastKnownFileType = "wrapper.plug-in"; name = GoogleMaps.bundle; path = Frameworks/GoogleMaps.framework/Versions/A/Resources/GoogleMaps.bundle; sourceTree = "<group>"; };
		E79D1DC41783583B0019A4B5 /* AVFoundation.framework */ = {isa = PBXFileReference; lastKnownFileType = wrapper.framework; name = AVFoundation.framework; path = System/Library/Frameworks/AVFoundation.framework; sourceTree = SDKROOT; };
		E79D1DC6178358480019A4B5 /* CoreLocation.framework */ = {isa = PBXFileReference; lastKnownFileType = wrapper.framework; name = CoreLocation.framework; path = System/Library/Frameworks/CoreLocation.framework; sourceTree = SDKROOT; };
		E79D1DC8178358520019A4B5 /* CoreText.framework */ = {isa = PBXFileReference; lastKnownFileType = wrapper.framework; name = CoreText.framework; path = System/Library/Frameworks/CoreText.framework; sourceTree = SDKROOT; };
		E79D1DCA1783588A0019A4B5 /* GLKit.framework */ = {isa = PBXFileReference; lastKnownFileType = wrapper.framework; name = GLKit.framework; path = System/Library/Frameworks/GLKit.framework; sourceTree = SDKROOT; };
		E79D1DCC1783588E0019A4B5 /* ImageIO.framework */ = {isa = PBXFileReference; lastKnownFileType = wrapper.framework; name = ImageIO.framework; path = System/Library/Frameworks/ImageIO.framework; sourceTree = SDKROOT; };
		E79D1DCE178358970019A4B5 /* libc++.dylib */ = {isa = PBXFileReference; lastKnownFileType = "compiled.mach-o.dylib"; name = "libc++.dylib"; path = "usr/lib/libc++.dylib"; sourceTree = SDKROOT; };
		E79D1DD0178358A80019A4B5 /* libicucore.dylib */ = {isa = PBXFileReference; lastKnownFileType = "compiled.mach-o.dylib"; name = libicucore.dylib; path = usr/lib/libicucore.dylib; sourceTree = SDKROOT; };
		E79D1DD2178358B00019A4B5 /* libz.dylib */ = {isa = PBXFileReference; lastKnownFileType = "compiled.mach-o.dylib"; name = libz.dylib; path = usr/lib/libz.dylib; sourceTree = SDKROOT; };
		E79D1DD4178358B70019A4B5 /* OpenGLES.framework */ = {isa = PBXFileReference; lastKnownFileType = wrapper.framework; name = OpenGLES.framework; path = System/Library/Frameworks/OpenGLES.framework; sourceTree = SDKROOT; };
		E79D1DD6178358BD0019A4B5 /* QuartzCore.framework */ = {isa = PBXFileReference; lastKnownFileType = wrapper.framework; name = QuartzCore.framework; path = System/Library/Frameworks/QuartzCore.framework; sourceTree = SDKROOT; };
		E79D1DD8178358C30019A4B5 /* SystemConfiguration.framework */ = {isa = PBXFileReference; lastKnownFileType = wrapper.framework; name = SystemConfiguration.framework; path = System/Library/Frameworks/SystemConfiguration.framework; sourceTree = SDKROOT; };
		E79D1DDA17835AF60019A4B5 /* MapViewController.h */ = {isa = PBXFileReference; fileEncoding = 4; lastKnownFileType = sourcecode.c.h; path = MapViewController.h; sourceTree = "<group>"; };
		E79D1DDB17835AF60019A4B5 /* MapViewController.m */ = {isa = PBXFileReference; fileEncoding = 4; lastKnownFileType = sourcecode.c.objc; path = MapViewController.m; sourceTree = "<group>"; };
		E7C7640F17788C4C00B3CEB5 /* CityGuide.app */ = {isa = PBXFileReference; explicitFileType = wrapper.application; includeInIndex = 0; path = CityGuide.app; sourceTree = BUILT_PRODUCTS_DIR; };
		E7C7641217788C4C00B3CEB5 /* UIKit.framework */ = {isa = PBXFileReference; lastKnownFileType = wrapper.framework; name = UIKit.framework; path = System/Library/Frameworks/UIKit.framework; sourceTree = SDKROOT; };
		E7C7641417788C4C00B3CEB5 /* Foundation.framework */ = {isa = PBXFileReference; lastKnownFileType = wrapper.framework; name = Foundation.framework; path = System/Library/Frameworks/Foundation.framework; sourceTree = SDKROOT; };
		E7C7641617788C4C00B3CEB5 /* CoreGraphics.framework */ = {isa = PBXFileReference; lastKnownFileType = wrapper.framework; name = CoreGraphics.framework; path = System/Library/Frameworks/CoreGraphics.framework; sourceTree = SDKROOT; };
		E7C7641A17788C4C00B3CEB5 /* CityGuide-Info.plist */ = {isa = PBXFileReference; lastKnownFileType = text.plist.xml; path = "CityGuide-Info.plist"; sourceTree = "<group>"; };
		E7C7641C17788C4C00B3CEB5 /* en */ = {isa = PBXFileReference; lastKnownFileType = text.plist.strings; name = en; path = en.lproj/InfoPlist.strings; sourceTree = "<group>"; };
		E7C7641E17788C4C00B3CEB5 /* main.m */ = {isa = PBXFileReference; lastKnownFileType = sourcecode.c.objc; path = main.m; sourceTree = "<group>"; };
		E7C7642017788C4C00B3CEB5 /* CityGuide-Prefix.pch */ = {isa = PBXFileReference; lastKnownFileType = sourcecode.c.h; path = "CityGuide-Prefix.pch"; sourceTree = "<group>"; };
		E7C7642117788C4C00B3CEB5 /* AppDelegate.h */ = {isa = PBXFileReference; lastKnownFileType = sourcecode.c.h; path = AppDelegate.h; sourceTree = "<group>"; };
		E7C7642217788C4C00B3CEB5 /* AppDelegate.m */ = {isa = PBXFileReference; lastKnownFileType = sourcecode.c.objc; path = AppDelegate.m; sourceTree = "<group>"; };
		E7C7642417788C4C00B3CEB5 /* Default.png */ = {isa = PBXFileReference; lastKnownFileType = image.png; path = Default.png; sourceTree = "<group>"; };
		E7C7642617788C4C00B3CEB5 /* Default@2x.png */ = {isa = PBXFileReference; lastKnownFileType = image.png; path = "Default@2x.png"; sourceTree = "<group>"; };
		E7C7642817788C4C00B3CEB5 /* Default-568h@2x.png */ = {isa = PBXFileReference; lastKnownFileType = image.png; path = "Default-568h@2x.png"; sourceTree = "<group>"; };
		E7C7642A17788C4C00B3CEB5 /* ViewController.h */ = {isa = PBXFileReference; lastKnownFileType = sourcecode.c.h; path = ViewController.h; sourceTree = "<group>"; };
		E7C7642B17788C4C00B3CEB5 /* ViewController.m */ = {isa = PBXFileReference; lastKnownFileType = sourcecode.c.objc; path = ViewController.m; sourceTree = "<group>"; };
		E7C7642E17788C4C00B3CEB5 /* en */ = {isa = PBXFileReference; lastKnownFileType = file.xib; name = en; path = en.lproj/ViewController_iPhone.xib; sourceTree = "<group>"; };
		E7C7643117788C4C00B3CEB5 /* en */ = {isa = PBXFileReference; lastKnownFileType = file.xib; name = en; path = en.lproj/ViewController_iPad.xib; sourceTree = "<group>"; };
		E7C7643817788DF700B3CEB5 /* AppService.h */ = {isa = PBXFileReference; fileEncoding = 4; lastKnownFileType = sourcecode.c.h; path = AppService.h; sourceTree = "<group>"; };
		E7C7643917788DF700B3CEB5 /* AppService.m */ = {isa = PBXFileReference; fileEncoding = 4; lastKnownFileType = sourcecode.c.objc; path = AppService.m; sourceTree = "<group>"; };
		E7C7643B17788F0000B3CEB5 /* Settings.bundle */ = {isa = PBXFileReference; lastKnownFileType = "wrapper.plug-in"; path = Settings.bundle; sourceTree = "<group>"; };
		E7C7643E177893B100B3CEB5 /* DataModel.xcdatamodel */ = {isa = PBXFileReference; lastKnownFileType = wrapper.xcdatamodel; path = DataModel.xcdatamodel; sourceTree = "<group>"; };
		E7C764411778942800B3CEB5 /* DBPlaceObject.h */ = {isa = PBXFileReference; fileEncoding = 4; lastKnownFileType = sourcecode.c.h; name = DBPlaceObject.h; path = data/DBPlaceObject.h; sourceTree = "<group>"; };
		E7C764421778942800B3CEB5 /* DBPlaceObject.m */ = {isa = PBXFileReference; fileEncoding = 4; lastKnownFileType = sourcecode.c.objc; name = DBPlaceObject.m; path = data/DBPlaceObject.m; sourceTree = "<group>"; };
		E7C76444177895D400B3CEB5 /* CoreData.framework */ = {isa = PBXFileReference; lastKnownFileType = wrapper.framework; name = CoreData.framework; path = System/Library/Frameworks/CoreData.framework; sourceTree = SDKROOT; };
		E7C7644617789C3B00B3CEB5 /* NSDictionary+Utility.h */ = {isa = PBXFileReference; fileEncoding = 4; lastKnownFileType = sourcecode.c.h; path = "NSDictionary+Utility.h"; sourceTree = "<group>"; };
		E7C7644717789C3B00B3CEB5 /* NSDictionary+Utility.m */ = {isa = PBXFileReference; fileEncoding = 4; lastKnownFileType = sourcecode.c.objc; path = "NSDictionary+Utility.m"; sourceTree = "<group>"; };
/* End PBXFileReference section */

/* Begin PBXFrameworksBuildPhase section */
		E7C7640C17788C4C00B3CEB5 /* Frameworks */ = {
			isa = PBXFrameworksBuildPhase;
			buildActionMask = 2147483647;
			files = (
				E79D1DD9178358C30019A4B5 /* SystemConfiguration.framework in Frameworks */,
				E79D1DD7178358BE0019A4B5 /* QuartzCore.framework in Frameworks */,
				E79D1DD5178358B70019A4B5 /* OpenGLES.framework in Frameworks */,
				E79D1DD3178358B00019A4B5 /* libz.dylib in Frameworks */,
				E79D1DD1178358A80019A4B5 /* libicucore.dylib in Frameworks */,
				E79D1DCF178358970019A4B5 /* libc++.dylib in Frameworks */,
				E79D1DCD1783588E0019A4B5 /* ImageIO.framework in Frameworks */,
				E79D1DCB1783588A0019A4B5 /* GLKit.framework in Frameworks */,
				E79D1DC9178358520019A4B5 /* CoreText.framework in Frameworks */,
				E79D1DC7178358480019A4B5 /* CoreLocation.framework in Frameworks */,
				E79D1DC51783583B0019A4B5 /* AVFoundation.framework in Frameworks */,
				E79D1DC1178350250019A4B5 /* GoogleMaps.framework in Frameworks */,
				E7C76445177895D400B3CEB5 /* CoreData.framework in Frameworks */,
				E7C7641317788C4C00B3CEB5 /* UIKit.framework in Frameworks */,
				E7C7641517788C4C00B3CEB5 /* Foundation.framework in Frameworks */,
				E7C7641717788C4C00B3CEB5 /* CoreGraphics.framework in Frameworks */,
			);
			runOnlyForDeploymentPostprocessing = 0;
		};
/* End PBXFrameworksBuildPhase section */

/* Begin PBXGroup section */
		E703D44E1780185100931F94 /* img */ = {
			isa = PBXGroup;
			children = (
				E703D453178018AD00931F94 /* waiting_ph.png */,
				E703D4501780186700931F94 /* no_image_ph.png */,
			);
			name = img;
			sourceTree = "<group>";
		};
		E703D4551780288F00931F94 /* view */ = {
			isa = PBXGroup;
			children = (
				E703D459178028EE00931F94 /* PlaceTableViewCell.xib */,
				E703D45B17802A6000931F94 /* PlaceTableViewCell.h */,
				E703D45C17802A6000931F94 /* PlaceTableViewCell.m */,
				E756CE68178E6C06009D82F9 /* PlaceInputViewController.xib */,
				E756CE6A178E6D15009D82F9 /* PlaceInputViewController.h */,
				E756CE6B178E6D15009D82F9 /* PlaceInputViewController.m */,
			);
			name = view;
			sourceTree = "<group>";
		};
		E7C7640617788C4C00B3CEB5 = {
			isa = PBXGroup;
			children = (
				E7C7641817788C4C00B3CEB5 /* CityGuide */,
				E7C7641117788C4C00B3CEB5 /* Frameworks */,
				E7C7641017788C4C00B3CEB5 /* Products */,
			);
			sourceTree = "<group>";
		};
		E7C7641017788C4C00B3CEB5 /* Products */ = {
			isa = PBXGroup;
			children = (
				E7C7640F17788C4C00B3CEB5 /* CityGuide.app */,
			);
			name = Products;
			sourceTree = "<group>";
		};
		E7C7641117788C4C00B3CEB5 /* Frameworks */ = {
			isa = PBXGroup;
			children = (
				E79D1DD8178358C30019A4B5 /* SystemConfiguration.framework */,
				E79D1DD6178358BD0019A4B5 /* QuartzCore.framework */,
				E79D1DD4178358B70019A4B5 /* OpenGLES.framework */,
				E79D1DD2178358B00019A4B5 /* libz.dylib */,
				E79D1DD0178358A80019A4B5 /* libicucore.dylib */,
				E79D1DCE178358970019A4B5 /* libc++.dylib */,
				E79D1DCC1783588E0019A4B5 /* ImageIO.framework */,
				E79D1DCA1783588A0019A4B5 /* GLKit.framework */,
				E79D1DC8178358520019A4B5 /* CoreText.framework */,
				E79D1DC6178358480019A4B5 /* CoreLocation.framework */,
				E79D1DC41783583B0019A4B5 /* AVFoundation.framework */,
				E79D1DC0178350250019A4B5 /* GoogleMaps.framework */,
				E7C76444177895D400B3CEB5 /* CoreData.framework */,
				E7C7641217788C4C00B3CEB5 /* UIKit.framework */,
				E7C7641417788C4C00B3CEB5 /* Foundation.framework */,
				E7C7641617788C4C00B3CEB5 /* CoreGraphics.framework */,
			);
			name = Frameworks;
			sourceTree = "<group>";
		};
		E7C7641817788C4C00B3CEB5 /* CityGuide */ = {
			isa = PBXGroup;
			children = (
				E703D4551780288F00931F94 /* view */,
				E703D44E1780185100931F94 /* img */,
				E7C7644917789C4100B3CEB5 /* lib */,
				E7C76440177893B700B3CEB5 /* data */,
				E7C7643817788DF700B3CEB5 /* AppService.h */,
				E7C7643917788DF700B3CEB5 /* AppService.m */,
				E7C7642117788C4C00B3CEB5 /* AppDelegate.h */,
				E7C7642217788C4C00B3CEB5 /* AppDelegate.m */,
				E7C7642A17788C4C00B3CEB5 /* ViewController.h */,
				E7C7642B17788C4C00B3CEB5 /* ViewController.m */,
				E7C7642D17788C4C00B3CEB5 /* ViewController_iPhone.xib */,
				E7C7643017788C4C00B3CEB5 /* ViewController_iPad.xib */,
				E79D1DDA17835AF60019A4B5 /* MapViewController.h */,
				E79D1DDB17835AF60019A4B5 /* MapViewController.m */,
				E7C7641917788C4C00B3CEB5 /* Supporting Files */,
			);
			path = CityGuide;
			sourceTree = "<group>";
		};
		E7C7641917788C4C00B3CEB5 /* Supporting Files */ = {
			isa = PBXGroup;
			children = (
				E79D1DC2178358110019A4B5 /* GoogleMaps.bundle */,
				E7C7641A17788C4C00B3CEB5 /* CityGuide-Info.plist */,
				E7C7641B17788C4C00B3CEB5 /* InfoPlist.strings */,
				E7C7641E17788C4C00B3CEB5 /* main.m */,
				E7C7642017788C4C00B3CEB5 /* CityGuide-Prefix.pch */,
				E7C7642417788C4C00B3CEB5 /* Default.png */,
				E7C7642617788C4C00B3CEB5 /* Default@2x.png */,
				E7C7642817788C4C00B3CEB5 /* Default-568h@2x.png */,
				E7C7643B17788F0000B3CEB5 /* Settings.bundle */,
			);
			name = "Supporting Files";
			sourceTree = "<group>";
		};
		E7C76440177893B700B3CEB5 /* data */ = {
			isa = PBXGroup;
			children = (
				E7C7643D177893B100B3CEB5 /* DataModel.xcdatamodeld */,
				E7C764411778942800B3CEB5 /* DBPlaceObject.h */,
				E7C764421778942800B3CEB5 /* DBPlaceObject.m */,
				E703D44B177E0C7100931F94 /* PlaceTableCellInfo.h */,
				E703D44C177E0C7100931F94 /* PlaceTableCellInfo.m */,
			);
			name = data;
			sourceTree = "<group>";
		};
		E7C7644917789C4100B3CEB5 /* lib */ = {
			isa = PBXGroup;
			children = (
				E7C7644617789C3B00B3CEB5 /* NSDictionary+Utility.h */,
				E7C7644717789C3B00B3CEB5 /* NSDictionary+Utility.m */,
			);
			name = lib;
			sourceTree = "<group>";
		};
/* End PBXGroup section */

/* Begin PBXNativeTarget section */
		E7C7640E17788C4C00B3CEB5 /* CityGuide */ = {
			isa = PBXNativeTarget;
			buildConfigurationList = E7C7643517788C4C00B3CEB5 /* Build configuration list for PBXNativeTarget "CityGuide" */;
			buildPhases = (
				E7C7640B17788C4C00B3CEB5 /* Sources */,
				E7C7640C17788C4C00B3CEB5 /* Frameworks */,
				E7C7640D17788C4C00B3CEB5 /* Resources */,
			);
			buildRules = (
			);
			dependencies = (
			);
			name = CityGuide;
			productName = CityGuide;
			productReference = E7C7640F17788C4C00B3CEB5 /* CityGuide.app */;
			productType = "com.apple.product-type.application";
		};
/* End PBXNativeTarget section */

/* Begin PBXProject section */
		E7C7640717788C4C00B3CEB5 /* Project object */ = {
			isa = PBXProject;
			attributes = {
				LastUpgradeCheck = 0460;
			};
			buildConfigurationList = E7C7640A17788C4C00B3CEB5 /* Build configuration list for PBXProject "CityGuide" */;
			compatibilityVersion = "Xcode 3.2";
			developmentRegion = English;
			hasScannedForEncodings = 0;
			knownRegions = (
				en,
			);
			mainGroup = E7C7640617788C4C00B3CEB5;
			productRefGroup = E7C7641017788C4C00B3CEB5 /* Products */;
			projectDirPath = "";
			projectRoot = "";
			targets = (
				E7C7640E17788C4C00B3CEB5 /* CityGuide */,
			);
		};
/* End PBXProject section */

/* Begin PBXResourcesBuildPhase section */
		E7C7640D17788C4C00B3CEB5 /* Resources */ = {
			isa = PBXResourcesBuildPhase;
			buildActionMask = 2147483647;
			files = (
				E7C7641D17788C4C00B3CEB5 /* InfoPlist.strings in Resources */,
				E7C7642517788C4C00B3CEB5 /* Default.png in Resources */,
				E7C7642717788C4C00B3CEB5 /* Default@2x.png in Resources */,
				E7C7642917788C4C00B3CEB5 /* Default-568h@2x.png in Resources */,
				E7C7642F17788C4C00B3CEB5 /* ViewController_iPhone.xib in Resources */,
				E7C7643217788C4C00B3CEB5 /* ViewController_iPad.xib in Resources */,
				E7C7643C17788F0000B3CEB5 /* Settings.bundle in Resources */,
				E703D4521780186700931F94 /* no_image_ph.png in Resources */,
				E703D454178018AD00931F94 /* waiting_ph.png in Resources */,
				E703D45A178028EE00931F94 /* PlaceTableViewCell.xib in Resources */,
				E79D1DC3178358110019A4B5 /* GoogleMaps.bundle in Resources */,
				E756CE69178E6C06009D82F9 /* PlaceInputViewController.xib in Resources */,
			);
			runOnlyForDeploymentPostprocessing = 0;
		};
/* End PBXResourcesBuildPhase section */

/* Begin PBXSourcesBuildPhase section */
		E7C7640B17788C4C00B3CEB5 /* Sources */ = {
			isa = PBXSourcesBuildPhase;
			buildActionMask = 2147483647;
			files = (
				E7C7641F17788C4C00B3CEB5 /* main.m in Sources */,
				E7C7642317788C4C00B3CEB5 /* AppDelegate.m in Sources */,
				E7C7642C17788C4C00B3CEB5 /* ViewController.m in Sources */,
				E7C7643A17788DF700B3CEB5 /* AppService.m in Sources */,
				E7C7643F177893B100B3CEB5 /* DataModel.xcdatamodeld in Sources */,
				E7C764431778942800B3CEB5 /* DBPlaceObject.m in Sources */,
				E7C7644817789C3B00B3CEB5 /* NSDictionary+Utility.m in Sources */,
				E703D44D177E0C7100931F94 /* PlaceTableCellInfo.m in Sources */,
				E703D45D17802A6000931F94 /* PlaceTableViewCell.m in Sources */,
				E79D1DDC17835AF60019A4B5 /* MapViewController.m in Sources */,
				E756CE6C178E6D15009D82F9 /* PlaceInputViewController.m in Sources */,
			);
			runOnlyForDeploymentPostprocessing = 0;
		};
/* End PBXSourcesBuildPhase section */

/* Begin PBXVariantGroup section */
		E7C7641B17788C4C00B3CEB5 /* InfoPlist.strings */ = {
			isa = PBXVariantGroup;
			children = (
				E7C7641C17788C4C00B3CEB5 /* en */,
			);
			name = InfoPlist.strings;
			sourceTree = "<group>";
		};
		E7C7642D17788C4C00B3CEB5 /* ViewController_iPhone.xib */ = {
			isa = PBXVariantGroup;
			children = (
				E7C7642E17788C4C00B3CEB5 /* en */,
			);
			name = ViewController_iPhone.xib;
			sourceTree = "<group>";
		};
		E7C7643017788C4C00B3CEB5 /* ViewController_iPad.xib */ = {
			isa = PBXVariantGroup;
			children = (
				E7C7643117788C4C00B3CEB5 /* en */,
			);
			name = ViewController_iPad.xib;
			sourceTree = "<group>";
		};
/* End PBXVariantGroup section */

/* Begin XCBuildConfiguration section */
		E7C7643317788C4C00B3CEB5 /* Debug */ = {
			isa = XCBuildConfiguration;
			buildSettings = {
				ALWAYS_SEARCH_USER_PATHS = NO;
				CLANG_CXX_LANGUAGE_STANDARD = "gnu++0x";
				CLANG_CXX_LIBRARY = "libc++";
				CLANG_WARN_CONSTANT_CONVERSION = YES;
				CLANG_WARN_EMPTY_BODY = YES;
				CLANG_WARN_ENUM_CONVERSION = YES;
				CLANG_WARN_INT_CONVERSION = YES;
				CLANG_WARN__DUPLICATE_METHOD_MATCH = YES;
				"CODE_SIGN_IDENTITY[sdk=iphoneos*]" = "iPhone Developer";
				COPY_PHASE_STRIP = NO;
				GCC_C_LANGUAGE_STANDARD = gnu99;
				GCC_DYNAMIC_NO_PIC = NO;
				GCC_OPTIMIZATION_LEVEL = 0;
				GCC_PREPROCESSOR_DEFINITIONS = (
					"DEBUG=1",
					"$(inherited)",
				);
				GCC_SYMBOLS_PRIVATE_EXTERN = NO;
				GCC_WARN_ABOUT_RETURN_TYPE = YES;
				GCC_WARN_UNINITIALIZED_AUTOS = YES;
				GCC_WARN_UNUSED_VARIABLE = YES;
				IPHONEOS_DEPLOYMENT_TARGET = 6.1;
				ONLY_ACTIVE_ARCH = YES;
				SDKROOT = iphoneos;
				TARGETED_DEVICE_FAMILY = "1,2";
			};
			name = Debug;
		};
		E7C7643417788C4C00B3CEB5 /* Release */ = {
			isa = XCBuildConfiguration;
			buildSettings = {
				ALWAYS_SEARCH_USER_PATHS = NO;
				CLANG_CXX_LANGUAGE_STANDARD = "gnu++0x";
				CLANG_CXX_LIBRARY = "libc++";
				CLANG_WARN_CONSTANT_CONVERSION = YES;
				CLANG_WARN_EMPTY_BODY = YES;
				CLANG_WARN_ENUM_CONVERSION = YES;
				CLANG_WARN_INT_CONVERSION = YES;
				CLANG_WARN__DUPLICATE_METHOD_MATCH = YES;
				"CODE_SIGN_IDENTITY[sdk=iphoneos*]" = "iPhone Developer";
				COPY_PHASE_STRIP = YES;
				GCC_C_LANGUAGE_STANDARD = gnu99;
				GCC_WARN_ABOUT_RETURN_TYPE = YES;
				GCC_WARN_UNINITIALIZED_AUTOS = YES;
				GCC_WARN_UNUSED_VARIABLE = YES;
				IPHONEOS_DEPLOYMENT_TARGET = 6.1;
				OTHER_CFLAGS = "-DNS_BLOCK_ASSERTIONS=1";
				SDKROOT = iphoneos;
				TARGETED_DEVICE_FAMILY = "1,2";
				VALIDATE_PRODUCT = YES;
			};
			name = Release;
		};
		E7C7643617788C4C00B3CEB5 /* Debug */ = {
			isa = XCBuildConfiguration;
			buildSettings = {
				FRAMEWORK_SEARCH_PATHS = (
					"$(inherited)",
					"\"$(SRCROOT)/CityGuide/Frameworks\"",
				);
				GCC_PRECOMPILE_PREFIX_HEADER = YES;
				GCC_PREFIX_HEADER = "CityGuide/CityGuide-Prefix.pch";
				INFOPLIST_FILE = "CityGuide/CityGuide-Info.plist";
				OTHER_LDFLAGS = "-ObjC";
				PRODUCT_NAME = "$(TARGET_NAME)";
				WRAPPER_EXTENSION = app;
			};
			name = Debug;
		};
		E7C7643717788C4C00B3CEB5 /* Release */ = {
			isa = XCBuildConfiguration;
			buildSettings = {
				FRAMEWORK_SEARCH_PATHS = (
					"$(inherited)",
					"\"$(SRCROOT)/CityGuide/Frameworks\"",
				);
				GCC_PRECOMPILE_PREFIX_HEADER = YES;
				GCC_PREFIX_HEADER = "CityGuide/CityGuide-Prefix.pch";
				INFOPLIST_FILE = "CityGuide/CityGuide-Info.plist";
				OTHER_LDFLAGS = "-ObjC";
				PRODUCT_NAME = "$(TARGET_NAME)";
				WRAPPER_EXTENSION = app;
			};
			name = Release;
		};
/* End XCBuildConfiguration section */

/* Begin XCConfigurationList section */
		E7C7640A17788C4C00B3CEB5 /* Build configuration list for PBXProject "CityGuide" */ = {
			isa = XCConfigurationList;
			buildConfigurations = (
				E7C7643317788C4C00B3CEB5 /* Debug */,
				E7C7643417788C4C00B3CEB5 /* Release */,
			);
			defaultConfigurationIsVisible = 0;
			defaultConfigurationName = Release;
		};
		E7C7643517788C4C00B3CEB5 /* Build configuration list for PBXNativeTarget "CityGuide" */ = {
			isa = XCConfigurationList;
			buildConfigurations = (
				E7C7643617788C4C00B3CEB5 /* Debug */,
				E7C7643717788C4C00B3CEB5 /* Release */,
			);
			defaultConfigurationIsVisible = 0;
			defaultConfigurationName = Release;
		};
/* End XCConfigurationList section */

/* Begin XCVersionGroup section */
		E7C7643D177893B100B3CEB5 /* DataModel.xcdatamodeld */ = {
			isa = XCVersionGroup;
			children = (
				E7C7643E177893B100B3CEB5 /* DataModel.xcdatamodel */,
			);
			currentVersion = E7C7643E177893B100B3CEB5 /* DataModel.xcdatamodel */;
			name = DataModel.xcdatamodeld;
			path = data/DataModel.xcdatamodeld;
			sourceTree = "<group>";
			versionGroupType = wrapper.xcdatamodel;
		};
/* End XCVersionGroup section */
	};
	rootObject = E7C7640717788C4C00B3CEB5 /* Project object */;
}
